// !$*UTF8*$!
{
	archiveVersion = 1;
	classes = {
	};
	objectVersion = 55;
	objects = {

/* Begin PBXBuildFile section */
		D58ED29328635BC30034DB78 /* BookCellTableViewCell.swift in Sources */ = {isa = PBXBuildFile; fileRef = D58ED29128635BC30034DB78 /* BookCellTableViewCell.swift */; };
		D58ED29428635BC30034DB78 /* BookCellTableViewCell.xib in Resources */ = {isa = PBXBuildFile; fileRef = D58ED29228635BC30034DB78 /* BookCellTableViewCell.xib */; };
		D58ED29B2863660A0034DB78 /* Navigation.swift in Sources */ = {isa = PBXBuildFile; fileRef = D58ED2992863660A0034DB78 /* Navigation.swift */; };
		D58ED29C2863660A0034DB78 /* Navigation.xib in Resources */ = {isa = PBXBuildFile; fileRef = D58ED29A2863660A0034DB78 /* Navigation.xib */; };
		D58ED29F286366240034DB78 /* ShowBook.swift in Sources */ = {isa = PBXBuildFile; fileRef = D58ED29D286366240034DB78 /* ShowBook.swift */; };
		D58ED2A0286366240034DB78 /* ShowBook.xib in Resources */ = {isa = PBXBuildFile; fileRef = D58ED29E286366240034DB78 /* ShowBook.xib */; };
		D5DF590B28620A6C00AB5D6F /* AppDelegate.swift in Sources */ = {isa = PBXBuildFile; fileRef = D5DF590A28620A6C00AB5D6F /* AppDelegate.swift */; };
		D5DF591428620A6D00AB5D6F /* Assets.xcassets in Resources */ = {isa = PBXBuildFile; fileRef = D5DF591328620A6D00AB5D6F /* Assets.xcassets */; };
		D5DF591728620A6D00AB5D6F /* LaunchScreen.storyboard in Resources */ = {isa = PBXBuildFile; fileRef = D5DF591528620A6D00AB5D6F /* LaunchScreen.storyboard */; };
		D5DF592028620AAB00AB5D6F /* AddBook.swift in Sources */ = {isa = PBXBuildFile; fileRef = D5DF591E28620AAB00AB5D6F /* AddBook.swift */; };
		D5DF592128620AAB00AB5D6F /* AddBook.xib in Resources */ = {isa = PBXBuildFile; fileRef = D5DF591F28620AAB00AB5D6F /* AddBook.xib */; };
/* End PBXBuildFile section */

/* Begin PBXFileReference section */
		D58ED29128635BC30034DB78 /* BookCellTableViewCell.swift */ = {isa = PBXFileReference; lastKnownFileType = sourcecode.swift; path = BookCellTableViewCell.swift; sourceTree = "<group>"; };
		D58ED29228635BC30034DB78 /* BookCellTableViewCell.xib */ = {isa = PBXFileReference; lastKnownFileType = file.xib; path = BookCellTableViewCell.xib; sourceTree = "<group>"; };
		D58ED2992863660A0034DB78 /* Navigation.swift */ = {isa = PBXFileReference; lastKnownFileType = sourcecode.swift; path = Navigation.swift; sourceTree = "<group>"; };
		D58ED29A2863660A0034DB78 /* Navigation.xib */ = {isa = PBXFileReference; lastKnownFileType = file.xib; path = Navigation.xib; sourceTree = "<group>"; };
		D58ED29D286366240034DB78 /* ShowBook.swift */ = {isa = PBXFileReference; lastKnownFileType = sourcecode.swift; path = ShowBook.swift; sourceTree = "<group>"; };
		D58ED29E286366240034DB78 /* ShowBook.xib */ = {isa = PBXFileReference; lastKnownFileType = file.xib; path = ShowBook.xib; sourceTree = "<group>"; };
		D5DF590728620A6C00AB5D6F /* Book.app */ = {isa = PBXFileReference; explicitFileType = wrapper.application; includeInIndex = 0; path = Book.app; sourceTree = BUILT_PRODUCTS_DIR; };
		D5DF590A28620A6C00AB5D6F /* AppDelegate.swift */ = {isa = PBXFileReference; lastKnownFileType = sourcecode.swift; path = AppDelegate.swift; sourceTree = "<group>"; };
		D5DF591328620A6D00AB5D6F /* Assets.xcassets */ = {isa = PBXFileReference; lastKnownFileType = folder.assetcatalog; path = Assets.xcassets; sourceTree = "<group>"; };
		D5DF591628620A6D00AB5D6F /* Base */ = {isa = PBXFileReference; lastKnownFileType = file.storyboard; name = Base; path = Base.lproj/LaunchScreen.storyboard; sourceTree = "<group>"; };
		D5DF591828620A6D00AB5D6F /* Info.plist */ = {isa = PBXFileReference; lastKnownFileType = text.plist.xml; path = Info.plist; sourceTree = "<group>"; };
		D5DF591E28620AAB00AB5D6F /* AddBook.swift */ = {isa = PBXFileReference; lastKnownFileType = sourcecode.swift; path = AddBook.swift; sourceTree = "<group>"; };
		D5DF591F28620AAB00AB5D6F /* AddBook.xib */ = {isa = PBXFileReference; lastKnownFileType = file.xib; path = AddBook.xib; sourceTree = "<group>"; };
/* End PBXFileReference section */

/* Begin PBXFrameworksBuildPhase section */
		D5DF590428620A6C00AB5D6F /* Frameworks */ = {
			isa = PBXFrameworksBuildPhase;
			buildActionMask = 2147483647;
			files = (
			);
			runOnlyForDeploymentPostprocessing = 0;
		};
/* End PBXFrameworksBuildPhase section */

/* Begin PBXGroup section */
		D5DF58FE28620A6C00AB5D6F = {
			isa = PBXGroup;
			children = (
				D5DF590928620A6C00AB5D6F /* Book */,
				D5DF590828620A6C00AB5D6F /* Products */,
			);
			sourceTree = "<group>";
		};
		D5DF590828620A6C00AB5D6F /* Products */ = {
			isa = PBXGroup;
			children = (
				D5DF590728620A6C00AB5D6F /* Book.app */,
			);
			name = Products;
			sourceTree = "<group>";
		};
		D5DF590928620A6C00AB5D6F /* Book */ = {
			isa = PBXGroup;
			children = (
				D5DF591828620A6D00AB5D6F /* Info.plist */,
				D5DF590A28620A6C00AB5D6F /* AppDelegate.swift */,
				D5DF591328620A6D00AB5D6F /* Assets.xcassets */,
				D5DF591528620A6D00AB5D6F /* LaunchScreen.storyboard */,
				D5DF591E28620AAB00AB5D6F /* AddBook.swift */,
				D5DF591F28620AAB00AB5D6F /* AddBook.xib */,
				D58ED29128635BC30034DB78 /* BookCellTableViewCell.swift */,
				D58ED29228635BC30034DB78 /* BookCellTableViewCell.xib */,
				D58ED2992863660A0034DB78 /* Navigation.swift */,
				D58ED29A2863660A0034DB78 /* Navigation.xib */,
				D58ED29D286366240034DB78 /* ShowBook.swift */,
				D58ED29E286366240034DB78 /* ShowBook.xib */,
			);
			path = Book;
			sourceTree = "<group>";
		};
/* End PBXGroup section */

/* Begin PBXNativeTarget section */
		D5DF590628620A6C00AB5D6F /* Book */ = {
			isa = PBXNativeTarget;
			buildConfigurationList = D5DF591B28620A6D00AB5D6F /* Build configuration list for PBXNativeTarget "Book" */;
			buildPhases = (
				D5DF590328620A6C00AB5D6F /* Sources */,
				D5DF590428620A6C00AB5D6F /* Frameworks */,
				D5DF590528620A6C00AB5D6F /* Resources */,
			);
			buildRules = (
			);
			dependencies = (
			);
			name = Book;
			productName = Book;
			productReference = D5DF590728620A6C00AB5D6F /* Book.app */;
			productType = "com.apple.product-type.application";
		};
/* End PBXNativeTarget section */

/* Begin PBXProject section */
		D5DF58FF28620A6C00AB5D6F /* Project object */ = {
			isa = PBXProject;
			attributes = {
				BuildIndependentTargetsInParallel = 1;
				LastSwiftUpdateCheck = 1340;
				LastUpgradeCheck = 1340;
				TargetAttributes = {
					D5DF590628620A6C00AB5D6F = {
						CreatedOnToolsVersion = 13.4;
					};
				};
			};
			buildConfigurationList = D5DF590228620A6C00AB5D6F /* Build configuration list for PBXProject "Book" */;
			compatibilityVersion = "Xcode 13.0";
			developmentRegion = en;
			hasScannedForEncodings = 0;
			knownRegions = (
				en,
				Base,
			);
			mainGroup = D5DF58FE28620A6C00AB5D6F;
			productRefGroup = D5DF590828620A6C00AB5D6F /* Products */;
			projectDirPath = "";
			projectRoot = "";
			targets = (
				D5DF590628620A6C00AB5D6F /* Book */,
			);
		};
/* End PBXProject section */

/* Begin PBXResourcesBuildPhase section */
		D5DF590528620A6C00AB5D6F /* Resources */ = {
			isa = PBXResourcesBuildPhase;
			buildActionMask = 2147483647;
			files = (
				D58ED29428635BC30034DB78 /* BookCellTableViewCell.xib in Resources */,
				D58ED2A0286366240034DB78 /* ShowBook.xib in Resources */,
				D5DF591728620A6D00AB5D6F /* LaunchScreen.storyboard in Resources */,
				D5DF592128620AAB00AB5D6F /* AddBook.xib in Resources */,
				D58ED29C2863660A0034DB78 /* Navigation.xib in Resources */,
				D5DF591428620A6D00AB5D6F /* Assets.xcassets in Resources */,
			);
			runOnlyForDeploymentPostprocessing = 0;
		};
/* End PBXResourcesBuildPhase section */

/* Begin PBXSourcesBuildPhase section */
		D5DF590328620A6C00AB5D6F /* Sources */ = {
			isa = PBXSourcesBuildPhase;
			buildActionMask = 2147483647;
			files = (
				D58ED29F286366240034DB78 /* ShowBook.swift in Sources */,
				D5DF592028620AAB00AB5D6F /* AddBook.swift in Sources */,
				D5DF590B28620A6C00AB5D6F /* AppDelegate.swift in Sources */,
				D58ED29328635BC30034DB78 /* BookCellTableViewCell.swift in Sources */,
				D58ED29B2863660A0034DB78 /* Navigation.swift in Sources */,
			);
			runOnlyForDeploymentPostprocessing = 0;
		};
/* End PBXSourcesBuildPhase section */

/* Begin PBXVariantGroup section */
		D5DF591528620A6D00AB5D6F /* LaunchScreen.storyboard */ = {
			isa = PBXVariantGroup;
			children = (
				D5DF591628620A6D00AB5D6F /* Base */,
			);
			name = LaunchScreen.storyboard;
			sourceTree = "<group>";
		};
/* End PBXVariantGroup section */

/* Begin XCBuildConfiguration section */
		D5DF591928620A6D00AB5D6F /* Debug */ = {
			isa = XCBuildConfiguration;
			buildSettings = {
				ALWAYS_SEARCH_USER_PATHS = NO;
				CLANG_ANALYZER_NONNULL = YES;
				CLANG_ANALYZER_NUMBER_OBJECT_CONVERSION = YES_AGGRESSIVE;
				CLANG_CXX_LANGUAGE_STANDARD = "gnu++17";
				CLANG_ENABLE_MODULES = YES;
				CLANG_ENABLE_OBJC_ARC = YES;
				CLANG_ENABLE_OBJC_WEAK = YES;
				CLANG_WARN_BLOCK_CAPTURE_AUTORELEASING = YES;
				CLANG_WARN_BOOL_CONVERSION = YES;
				CLANG_WARN_COMMA = YES;
				CLANG_WARN_CONSTANT_CONVERSION = YES;
				CLANG_WARN_DEPRECATED_OBJC_IMPLEMENTATIONS = YES;
				CLANG_WARN_DIRECT_OBJC_ISA_USAGE = YES_ERROR;
				CLANG_WARN_DOCUMENTATION_COMMENTS = YES;
				CLANG_WARN_EMPTY_BODY = YES;
				CLANG_WARN_ENUM_CONVERSION = YES;
				CLANG_WARN_INFINITE_RECURSION = YES;
				CLANG_WARN_INT_CONVERSION = YES;
				CLANG_WARN_NON_LITERAL_NULL_CONVERSION = YES;
				CLANG_WARN_OBJC_IMPLICIT_RETAIN_SELF = YES;
				CLANG_WARN_OBJC_LITERAL_CONVERSION = YES;
				CLANG_WARN_OBJC_ROOT_CLASS = YES_ERROR;
				CLANG_WARN_QUOTED_INCLUDE_IN_FRAMEWORK_HEADER = YES;
				CLANG_WARN_RANGE_LOOP_ANALYSIS = YES;
				CLANG_WARN_STRICT_PROTOTYPES = YES;
				CLANG_WARN_SUSPICIOUS_MOVE = YES;
				CLANG_WARN_UNGUARDED_AVAILABILITY = YES_AGGRESSIVE;
				CLANG_WARN_UNREACHABLE_CODE = YES;
				CLANG_WARN__DUPLICATE_METHOD_MATCH = YES;
				COPY_PHASE_STRIP = NO;
				DEBUG_INFORMATION_FORMAT = dwarf;
				ENABLE_STRICT_OBJC_MSGSEND = YES;
				ENABLE_TESTABILITY = YES;
				GCC_C_LANGUAGE_STANDARD = gnu11;
				GCC_DYNAMIC_NO_PIC = NO;
				GCC_NO_COMMON_BLOCKS = YES;
				GCC_OPTIMIZATION_LEVEL = 0;
				GCC_PREPROCESSOR_DEFINITIONS = (
					"DEBUG=1",
					"$(inherited)",
				);
				GCC_WARN_64_TO_32_BIT_CONVERSION = YES;
				GCC_WARN_ABOUT_RETURN_TYPE = YES_ERROR;
				GCC_WARN_UNDECLARED_SELECTOR = YES;
				GCC_WARN_UNINITIALIZED_AUTOS = YES_AGGRESSIVE;
				GCC_WARN_UNUSED_FUNCTION = YES;
				GCC_WARN_UNUSED_VARIABLE = YES;
				IPHONEOS_DEPLOYMENT_TARGET = 15.5;
				MTL_ENABLE_DEBUG_INFO = INCLUDE_SOURCE;
				MTL_FAST_MATH = YES;
				ONLY_ACTIVE_ARCH = YES;
				SDKROOT = iphoneos;
				SWIFT_ACTIVE_COMPILATION_CONDITIONS = DEBUG;
				SWIFT_OPTIMIZATION_LEVEL = "-Onone";
			};
			name = Debug;
		};
		D5DF591A28620A6D00AB5D6F /* Release */ = {
			isa = XCBuildConfiguration;
			buildSettings = {
				ALWAYS_SEARCH_USER_PATHS = NO;
				CLANG_ANALYZER_NONNULL = YES;
				CLANG_ANALYZER_NUMBER_OBJECT_CONVERSION = YES_AGGRESSIVE;
				CLANG_CXX_LANGUAGE_STANDARD = "gnu++17";
				CLANG_ENABLE_MODULES = YES;
				CLANG_ENABLE_OBJC_ARC = YES;
				CLANG_ENABLE_OBJC_WEAK = YES;
				CLANG_WARN_BLOCK_CAPTURE_AUTORELEASING = YES;
				CLANG_WARN_BOOL_CONVERSION = YES;
				CLANG_WARN_COMMA = YES;
				CLANG_WARN_CONSTANT_CONVERSION = YES;
				CLANG_WARN_DEPRECATED_OBJC_IMPLEMENTATIONS = YES;
				CLANG_WARN_DIRECT_OBJC_ISA_USAGE = YES_ERROR;
				CLANG_WARN_DOCUMENTATION_COMMENTS = YES;
				CLANG_WARN_EMPTY_BODY = YES;
				CLANG_WARN_ENUM_CONVERSION = YES;
				CLANG_WARN_INFINITE_RECURSION = YES;
				CLANG_WARN_INT_CONVERSION = YES;
				CLANG_WARN_NON_LITERAL_NULL_CONVERSION = YES;
				CLANG_WARN_OBJC_IMPLICIT_RETAIN_SELF = YES;
				CLANG_WARN_OBJC_LITERAL_CONVERSION = YES;
				CLANG_WARN_OBJC_ROOT_CLASS = YES_ERROR;
				CLANG_WARN_QUOTED_INCLUDE_IN_FRAMEWORK_HEADER = YES;
				CLANG_WARN_RANGE_LOOP_ANALYSIS = YES;
				CLANG_WARN_STRICT_PROTOTYPES = YES;
				CLANG_WARN_SUSPICIOUS_MOVE = YES;
				CLANG_WARN_UNGUARDED_AVAILABILITY = YES_AGGRESSIVE;
				CLANG_WARN_UNREACHABLE_CODE = YES;
				CLANG_WARN__DUPLICATE_METHOD_MATCH = YES;
				COPY_PHASE_STRIP = NO;
				DEBUG_INFORMATION_FORMAT = "dwarf-with-dsym";
				ENABLE_NS_ASSERTIONS = NO;
				ENABLE_STRICT_OBJC_MSGSEND = YES;
				GCC_C_LANGUAGE_STANDARD = gnu11;
				GCC_NO_COMMON_BLOCKS = YES;
				GCC_WARN_64_TO_32_BIT_CONVERSION = YES;
				GCC_WARN_ABOUT_RETURN_TYPE = YES_ERROR;
				GCC_WARN_UNDECLARED_SELECTOR = YES;
				GCC_WARN_UNINITIALIZED_AUTOS = YES_AGGRESSIVE;
				GCC_WARN_UNUSED_FUNCTION = YES;
				GCC_WARN_UNUSED_VARIABLE = YES;
				IPHONEOS_DEPLOYMENT_TARGET = 15.5;
				MTL_ENABLE_DEBUG_INFO = NO;
				MTL_FAST_MATH = YES;
				SDKROOT = iphoneos;
				SWIFT_COMPILATION_MODE = wholemodule;
				SWIFT_OPTIMIZATION_LEVEL = "-O";
				VALIDATE_PRODUCT = YES;
			};
			name = Release;
		};
		D5DF591C28620A6D00AB5D6F /* Debug */ = {
			isa = XCBuildConfiguration;
			buildSettings = {
				ASSETCATALOG_COMPILER_APPICON_NAME = AppIcon;
				ASSETCATALOG_COMPILER_GLOBAL_ACCENT_COLOR_NAME = AccentColor;
				CODE_SIGN_STYLE = Automatic;
				CURRENT_PROJECT_VERSION = 1;
				DEVELOPMENT_TEAM = 9V764CVCJC;
				GENERATE_INFOPLIST_FILE = YES;
				INFOPLIST_FILE = Book/Info.plist;
				INFOPLIST_KEY_UIApplicationSupportsIndirectInputEvents = YES;
				INFOPLIST_KEY_UILaunchStoryboardName = LaunchScreen;
				INFOPLIST_KEY_UISupportedInterfaceOrientations_iPad = "UIInterfaceOrientationPortrait UIInterfaceOrientationPortraitUpsideDown UIInterfaceOrientationLandscapeLeft UIInterfaceOrientationLandscapeRight";
				INFOPLIST_KEY_UISupportedInterfaceOrientations_iPhone = "UIInterfaceOrientationPortrait UIInterfaceOrientationLandscapeLeft UIInterfaceOrientationLandscapeRight";
				LD_RUNPATH_SEARCH_PATHS = (
					"$(inherited)",
					"@executable_path/Frameworks",
				);
				MARKETING_VERSION = 1.0;
				PRODUCT_BUNDLE_IDENTIFIER = com.buicong.Book;
				PRODUCT_NAME = "$(TARGET_NAME)";
				SWIFT_EMIT_LOC_STRINGS = YES;
				SWIFT_VERSION = 5.0;
				TARGETED_DEVICE_FAMILY = "1,2";
			};
			name = Debug;
		};
		D5DF591D28620A6D00AB5D6F /* Release */ = {
			isa = XCBuildConfiguration;
			buildSettings = {
				ASSETCATALOG_COMPILER_APPICON_NAME = AppIcon;
				ASSETCATALOG_COMPILER_GLOBAL_ACCENT_COLOR_NAME = AccentColor;
				CODE_SIGN_STYLE = Automatic;
				CURRENT_PROJECT_VERSION = 1;
				DEVELOPMENT_TEAM = 9V764CVCJC;
				GENERATE_INFOPLIST_FILE = YES;
				INFOPLIST_FILE = Book/Info.plist;
				INFOPLIST_KEY_UIApplicationSupportsIndirectInputEvents = YES;
				INFOPLIST_KEY_UILaunchStoryboardName = LaunchScreen;
				INFOPLIST_KEY_UISupportedInterfaceOrientations_iPad = "UIInterfaceOrientationPortrait UIInterfaceOrientationPortraitUpsideDown UIInterfaceOrientationLandscapeLeft UIInterfaceOrientationLandscapeRight";
				INFOPLIST_KEY_UISupportedInterfaceOrientations_iPhone = "UIInterfaceOrientationPortrait UIInterfaceOrientationLandscapeLeft UIInterfaceOrientationLandscapeRight";
				LD_RUNPATH_SEARCH_PATHS = (
					"$(inherited)",
					"@executable_path/Frameworks",
				);
				MARKETING_VERSION = 1.0;
				PRODUCT_BUNDLE_IDENTIFIER = com.buicong.Book;
				PRODUCT_NAME = "$(TARGET_NAME)";
				SWIFT_EMIT_LOC_STRINGS = YES;
				SWIFT_VERSION = 5.0;
				TARGETED_DEVICE_FAMILY = "1,2";
			};
			name = Release;
		};
/* End XCBuildConfiguration section */

/* Begin XCConfigurationList section */
		D5DF590228620A6C00AB5D6F /* Build configuration list for PBXProject "Book" */ = {
			isa = XCConfigurationList;
			buildConfigurations = (
				D5DF591928620A6D00AB5D6F /* Debug */,
				D5DF591A28620A6D00AB5D6F /* Release */,
			);
			defaultConfigurationIsVisible = 0;
			defaultConfigurationName = Release;
		};
		D5DF591B28620A6D00AB5D6F /* Build configuration list for PBXNativeTarget "Book" */ = {
			isa = XCConfigurationList;
			buildConfigurations = (
				D5DF591C28620A6D00AB5D6F /* Debug */,
				D5DF591D28620A6D00AB5D6F /* Release */,
			);
			defaultConfigurationIsVisible = 0;
			defaultConfigurationName = Release;
		};
/* End XCConfigurationList section */
	};
	rootObject = D5DF58FF28620A6C00AB5D6F /* Project object */;
}
