// !$*UTF8*$!
{
	archiveVersion = 1;
	classes = {
	};
	objectVersion = 55;
	objects = {

/* Begin PBXBuildFile section */
		D58ED2AE286367640034DB78 /* AppDelegate.swift in Sources */ = {isa = PBXBuildFile; fileRef = D58ED2AD286367640034DB78 /* AppDelegate.swift */; };
		D58ED2B0286367640034DB78 /* SceneDelegate.swift in Sources */ = {isa = PBXBuildFile; fileRef = D58ED2AF286367640034DB78 /* SceneDelegate.swift */; };
		D58ED2B2286367640034DB78 /* ViewController.swift in Sources */ = {isa = PBXBuildFile; fileRef = D58ED2B1286367640034DB78 /* ViewController.swift */; };
		D58ED2B5286367640034DB78 /* Main.storyboard in Resources */ = {isa = PBXBuildFile; fileRef = D58ED2B3286367640034DB78 /* Main.storyboard */; };
		D58ED2B7286367650034DB78 /* Assets.xcassets in Resources */ = {isa = PBXBuildFile; fileRef = D58ED2B6286367650034DB78 /* Assets.xcassets */; };
		D58ED2BA286367650034DB78 /* LaunchScreen.storyboard in Resources */ = {isa = PBXBuildFile; fileRef = D58ED2B8286367650034DB78 /* LaunchScreen.storyboard */; };
		D58ED2C3286369A70034DB78 /* AddBook.swift in Sources */ = {isa = PBXBuildFile; fileRef = D58ED2C1286369A70034DB78 /* AddBook.swift */; };
		D58ED2C4286369A70034DB78 /* AddBook.xib in Resources */ = {isa = PBXBuildFile; fileRef = D58ED2C2286369A70034DB78 /* AddBook.xib */; };
		D58ED2C728636BE30034DB78 /* BookCell.swift in Sources */ = {isa = PBXBuildFile; fileRef = D58ED2C528636BE30034DB78 /* BookCell.swift */; };
		D58ED2C828636BE30034DB78 /* BookCell.xib in Resources */ = {isa = PBXBuildFile; fileRef = D58ED2C628636BE30034DB78 /* BookCell.xib */; };
		D58ED2CA28636E800034DB78 /* BookClass.swift in Sources */ = {isa = PBXBuildFile; fileRef = D58ED2C928636E800034DB78 /* BookClass.swift */; };
		D5E37E4728640D9B00444776 /* EditBook.swift in Sources */ = {isa = PBXBuildFile; fileRef = D5E37E4528640D9B00444776 /* EditBook.swift */; };
		D5E37E4828640D9B00444776 /* EditBook.xib in Resources */ = {isa = PBXBuildFile; fileRef = D5E37E4628640D9B00444776 /* EditBook.xib */; };
/* End PBXBuildFile section */

/* Begin PBXFileReference section */
		D58ED2AA286367640034DB78 /* BookStoryBoard.app */ = {isa = PBXFileReference; explicitFileType = wrapper.application; includeInIndex = 0; path = BookStoryBoard.app; sourceTree = BUILT_PRODUCTS_DIR; };
		D58ED2AD286367640034DB78 /* AppDelegate.swift */ = {isa = PBXFileReference; lastKnownFileType = sourcecode.swift; path = AppDelegate.swift; sourceTree = "<group>"; };
		D58ED2AF286367640034DB78 /* SceneDelegate.swift */ = {isa = PBXFileReference; lastKnownFileType = sourcecode.swift; path = SceneDelegate.swift; sourceTree = "<group>"; };
		D58ED2B1286367640034DB78 /* ViewController.swift */ = {isa = PBXFileReference; lastKnownFileType = sourcecode.swift; path = ViewController.swift; sourceTree = "<group>"; };
		D58ED2B4286367640034DB78 /* Base */ = {isa = PBXFileReference; lastKnownFileType = file.storyboard; name = Base; path = Base.lproj/Main.storyboard; sourceTree = "<group>"; };
		D58ED2B6286367650034DB78 /* Assets.xcassets */ = {isa = PBXFileReference; lastKnownFileType = folder.assetcatalog; path = Assets.xcassets; sourceTree = "<group>"; };
		D58ED2B9286367650034DB78 /* Base */ = {isa = PBXFileReference; lastKnownFileType = file.storyboard; name = Base; path = Base.lproj/LaunchScreen.storyboard; sourceTree = "<group>"; };
		D58ED2BB286367650034DB78 /* Info.plist */ = {isa = PBXFileReference; lastKnownFileType = text.plist.xml; path = Info.plist; sourceTree = "<group>"; };
		D58ED2C1286369A70034DB78 /* AddBook.swift */ = {isa = PBXFileReference; lastKnownFileType = sourcecode.swift; path = AddBook.swift; sourceTree = "<group>"; };
		D58ED2C2286369A70034DB78 /* AddBook.xib */ = {isa = PBXFileReference; lastKnownFileType = file.xib; path = AddBook.xib; sourceTree = "<group>"; };
		D58ED2C528636BE30034DB78 /* BookCell.swift */ = {isa = PBXFileReference; lastKnownFileType = sourcecode.swift; path = BookCell.swift; sourceTree = "<group>"; };
		D58ED2C628636BE30034DB78 /* BookCell.xib */ = {isa = PBXFileReference; lastKnownFileType = file.xib; path = BookCell.xib; sourceTree = "<group>"; };
		D58ED2C928636E800034DB78 /* BookClass.swift */ = {isa = PBXFileReference; lastKnownFileType = sourcecode.swift; path = BookClass.swift; sourceTree = "<group>"; };
		D5E37E4528640D9B00444776 /* EditBook.swift */ = {isa = PBXFileReference; lastKnownFileType = sourcecode.swift; path = EditBook.swift; sourceTree = "<group>"; };
		D5E37E4628640D9B00444776 /* EditBook.xib */ = {isa = PBXFileReference; lastKnownFileType = file.xib; path = EditBook.xib; sourceTree = "<group>"; };
/* End PBXFileReference section */

/* Begin PBXFrameworksBuildPhase section */
		D58ED2A7286367640034DB78 /* Frameworks */ = {
			isa = PBXFrameworksBuildPhase;
			buildActionMask = 2147483647;
			files = (
			);
			runOnlyForDeploymentPostprocessing = 0;
		};
/* End PBXFrameworksBuildPhase section */

/* Begin PBXGroup section */
		D58ED2A1286367640034DB78 = {
			isa = PBXGroup;
			children = (
				D58ED2AC286367640034DB78 /* BookStoryBoard */,
				D58ED2AB286367640034DB78 /* Products */,
			);
			sourceTree = "<group>";
		};
		D58ED2AB286367640034DB78 /* Products */ = {
			isa = PBXGroup;
			children = (
				D58ED2AA286367640034DB78 /* BookStoryBoard.app */,
			);
			name = Products;
			sourceTree = "<group>";
		};
		D58ED2AC286367640034DB78 /* BookStoryBoard */ = {
			isa = PBXGroup;
			children = (
				D58ED2AD286367640034DB78 /* AppDelegate.swift */,
				D58ED2AF286367640034DB78 /* SceneDelegate.swift */,
				D58ED2B1286367640034DB78 /* ViewController.swift */,
				D58ED2B3286367640034DB78 /* Main.storyboard */,
				D58ED2B6286367650034DB78 /* Assets.xcassets */,
				D58ED2B8286367650034DB78 /* LaunchScreen.storyboard */,
				D58ED2BB286367650034DB78 /* Info.plist */,
				D58ED2C1286369A70034DB78 /* AddBook.swift */,
				D58ED2C2286369A70034DB78 /* AddBook.xib */,
				D58ED2C528636BE30034DB78 /* BookCell.swift */,
				D58ED2C628636BE30034DB78 /* BookCell.xib */,
				D58ED2C928636E800034DB78 /* BookClass.swift */,
				D5E37E4528640D9B00444776 /* EditBook.swift */,
				D5E37E4628640D9B00444776 /* EditBook.xib */,
			);
			path = BookStoryBoard;
			sourceTree = "<group>";
		};
/* End PBXGroup section */

/* Begin PBXNativeTarget section */
		D58ED2A9286367640034DB78 /* BookStoryBoard */ = {
			isa = PBXNativeTarget;
			buildConfigurationList = D58ED2BE286367650034DB78 /* Build configuration list for PBXNativeTarget "BookStoryBoard" */;
			buildPhases = (
				D58ED2A6286367640034DB78 /* Sources */,
				D58ED2A7286367640034DB78 /* Frameworks */,
				D58ED2A8286367640034DB78 /* Resources */,
			);
			buildRules = (
			);
			dependencies = (
			);
			name = BookStoryBoard;
			productName = BookStoryBoard;
			productReference = D58ED2AA286367640034DB78 /* BookStoryBoard.app */;
			productType = "com.apple.product-type.application";
		};
/* End PBXNativeTarget section */

/* Begin PBXProject section */
		D58ED2A2286367640034DB78 /* Project object */ = {
			isa = PBXProject;
			attributes = {
				BuildIndependentTargetsInParallel = 1;
				LastSwiftUpdateCheck = 1340;
				LastUpgradeCheck = 1340;
				TargetAttributes = {
					D58ED2A9286367640034DB78 = {
						CreatedOnToolsVersion = 13.4;
					};
				};
			};
			buildConfigurationList = D58ED2A5286367640034DB78 /* Build configuration list for PBXProject "BookStoryBoard" */;
			compatibilityVersion = "Xcode 13.0";
			developmentRegion = en;
			hasScannedForEncodings = 0;
			knownRegions = (
				en,
				Base,
			);
			mainGroup = D58ED2A1286367640034DB78;
			productRefGroup = D58ED2AB286367640034DB78 /* Products */;
			projectDirPath = "";
			projectRoot = "";
			targets = (
				D58ED2A9286367640034DB78 /* BookStoryBoard */,
			);
		};
/* End PBXProject section */

/* Begin PBXResourcesBuildPhase section */
		D58ED2A8286367640034DB78 /* Resources */ = {
			isa = PBXResourcesBuildPhase;
			buildActionMask = 2147483647;
			files = (
				D58ED2C4286369A70034DB78 /* AddBook.xib in Resources */,
				D58ED2C828636BE30034DB78 /* BookCell.xib in Resources */,
				D5E37E4828640D9B00444776 /* EditBook.xib in Resources */,
				D58ED2BA286367650034DB78 /* LaunchScreen.storyboard in Resources */,
				D58ED2B7286367650034DB78 /* Assets.xcassets in Resources */,
				D58ED2B5286367640034DB78 /* Main.storyboard in Resources */,
			);
			runOnlyForDeploymentPostprocessing = 0;
		};
/* End PBXResourcesBuildPhase section */

/* Begin PBXSourcesBuildPhase section */
		D58ED2A6286367640034DB78 /* Sources */ = {
			isa = PBXSourcesBuildPhase;
			buildActionMask = 2147483647;
			files = (
				D58ED2C3286369A70034DB78 /* AddBook.swift in Sources */,
				D58ED2CA28636E800034DB78 /* BookClass.swift in Sources */,
				D58ED2B2286367640034DB78 /* ViewController.swift in Sources */,
				D58ED2AE286367640034DB78 /* AppDelegate.swift in Sources */,
				D5E37E4728640D9B00444776 /* EditBook.swift in Sources */,
				D58ED2B0286367640034DB78 /* SceneDelegate.swift in Sources */,
				D58ED2C728636BE30034DB78 /* BookCell.swift in Sources */,
			);
			runOnlyForDeploymentPostprocessing = 0;
		};
/* End PBXSourcesBuildPhase section */

/* Begin PBXVariantGroup section */
		D58ED2B3286367640034DB78 /* Main.storyboard */ = {
			isa = PBXVariantGroup;
			children = (
				D58ED2B4286367640034DB78 /* Base */,
			);
			name = Main.storyboard;
			sourceTree = "<group>";
		};
		D58ED2B8286367650034DB78 /* LaunchScreen.storyboard */ = {
			isa = PBXVariantGroup;
			children = (
				D58ED2B9286367650034DB78 /* Base */,
			);
			name = LaunchScreen.storyboard;
			sourceTree = "<group>";
		};
/* End PBXVariantGroup section */

/* Begin XCBuildConfiguration section */
		D58ED2BC286367650034DB78 /* Debug */ = {
			isa = XCBuildConfiguration;
			buildSettings = {
				ALWAYS_SEARCH_USER_PATHS = NO;
				CLANG_ANALYZER_NONNULL = YES;
				CLANG_ANALYZER_NUMBER_OBJECT_CONVERSION = YES_AGGRESSIVE;
				CLANG_CXX_LANGUAGE_STANDARD = "gnu++17";
				CLANG_ENABLE_MODULES = YES;
				CLANG_ENABLE_OBJC_ARC = YES;
				CLANG_ENABLE_OBJC_WEAK = YES;
				CLANG_WARN_BLOCK_CAPTURE_AUTORELEASING = YES;
				CLANG_WARN_BOOL_CONVERSION = YES;
				CLANG_WARN_COMMA = YES;
				CLANG_WARN_CONSTANT_CONVERSION = YES;
				CLANG_WARN_DEPRECATED_OBJC_IMPLEMENTATIONS = YES;
				CLANG_WARN_DIRECT_OBJC_ISA_USAGE = YES_ERROR;
				CLANG_WARN_DOCUMENTATION_COMMENTS = YES;
				CLANG_WARN_EMPTY_BODY = YES;
				CLANG_WARN_ENUM_CONVERSION = YES;
				CLANG_WARN_INFINITE_RECURSION = YES;
				CLANG_WARN_INT_CONVERSION = YES;
				CLANG_WARN_NON_LITERAL_NULL_CONVERSION = YES;
				CLANG_WARN_OBJC_IMPLICIT_RETAIN_SELF = YES;
				CLANG_WARN_OBJC_LITERAL_CONVERSION = YES;
				CLANG_WARN_OBJC_ROOT_CLASS = YES_ERROR;
				CLANG_WARN_QUOTED_INCLUDE_IN_FRAMEWORK_HEADER = YES;
				CLANG_WARN_RANGE_LOOP_ANALYSIS = YES;
				CLANG_WARN_STRICT_PROTOTYPES = YES;
				CLANG_WARN_SUSPICIOUS_MOVE = YES;
				CLANG_WARN_UNGUARDED_AVAILABILITY = YES_AGGRESSIVE;
				CLANG_WARN_UNREACHABLE_CODE = YES;
				CLANG_WARN__DUPLICATE_METHOD_MATCH = YES;
				COPY_PHASE_STRIP = NO;
				DEBUG_INFORMATION_FORMAT = dwarf;
				ENABLE_STRICT_OBJC_MSGSEND = YES;
				ENABLE_TESTABILITY = YES;
				GCC_C_LANGUAGE_STANDARD = gnu11;
				GCC_DYNAMIC_NO_PIC = NO;
				GCC_NO_COMMON_BLOCKS = YES;
				GCC_OPTIMIZATION_LEVEL = 0;
				GCC_PREPROCESSOR_DEFINITIONS = (
					"DEBUG=1",
					"$(inherited)",
				);
				GCC_WARN_64_TO_32_BIT_CONVERSION = YES;
				GCC_WARN_ABOUT_RETURN_TYPE = YES_ERROR;
				GCC_WARN_UNDECLARED_SELECTOR = YES;
				GCC_WARN_UNINITIALIZED_AUTOS = YES_AGGRESSIVE;
				GCC_WARN_UNUSED_FUNCTION = YES;
				GCC_WARN_UNUSED_VARIABLE = YES;
				IPHONEOS_DEPLOYMENT_TARGET = 15.5;
				MTL_ENABLE_DEBUG_INFO = INCLUDE_SOURCE;
				MTL_FAST_MATH = YES;
				ONLY_ACTIVE_ARCH = YES;
				SDKROOT = iphoneos;
				SWIFT_ACTIVE_COMPILATION_CONDITIONS = DEBUG;
				SWIFT_OPTIMIZATION_LEVEL = "-Onone";
			};
			name = Debug;
		};
		D58ED2BD286367650034DB78 /* Release */ = {
			isa = XCBuildConfiguration;
			buildSettings = {
				ALWAYS_SEARCH_USER_PATHS = NO;
				CLANG_ANALYZER_NONNULL = YES;
				CLANG_ANALYZER_NUMBER_OBJECT_CONVERSION = YES_AGGRESSIVE;
				CLANG_CXX_LANGUAGE_STANDARD = "gnu++17";
				CLANG_ENABLE_MODULES = YES;
				CLANG_ENABLE_OBJC_ARC = YES;
				CLANG_ENABLE_OBJC_WEAK = YES;
				CLANG_WARN_BLOCK_CAPTURE_AUTORELEASING = YES;
				CLANG_WARN_BOOL_CONVERSION = YES;
				CLANG_WARN_COMMA = YES;
				CLANG_WARN_CONSTANT_CONVERSION = YES;
				CLANG_WARN_DEPRECATED_OBJC_IMPLEMENTATIONS = YES;
				CLANG_WARN_DIRECT_OBJC_ISA_USAGE = YES_ERROR;
				CLANG_WARN_DOCUMENTATION_COMMENTS = YES;
				CLANG_WARN_EMPTY_BODY = YES;
				CLANG_WARN_ENUM_CONVERSION = YES;
				CLANG_WARN_INFINITE_RECURSION = YES;
				CLANG_WARN_INT_CONVERSION = YES;
				CLANG_WARN_NON_LITERAL_NULL_CONVERSION = YES;
				CLANG_WARN_OBJC_IMPLICIT_RETAIN_SELF = YES;
				CLANG_WARN_OBJC_LITERAL_CONVERSION = YES;
				CLANG_WARN_OBJC_ROOT_CLASS = YES_ERROR;
				CLANG_WARN_QUOTED_INCLUDE_IN_FRAMEWORK_HEADER = YES;
				CLANG_WARN_RANGE_LOOP_ANALYSIS = YES;
				CLANG_WARN_STRICT_PROTOTYPES = YES;
				CLANG_WARN_SUSPICIOUS_MOVE = YES;
				CLANG_WARN_UNGUARDED_AVAILABILITY = YES_AGGRESSIVE;
				CLANG_WARN_UNREACHABLE_CODE = YES;
				CLANG_WARN__DUPLICATE_METHOD_MATCH = YES;
				COPY_PHASE_STRIP = NO;
				DEBUG_INFORMATION_FORMAT = "dwarf-with-dsym";
				ENABLE_NS_ASSERTIONS = NO;
				ENABLE_STRICT_OBJC_MSGSEND = YES;
				GCC_C_LANGUAGE_STANDARD = gnu11;
				GCC_NO_COMMON_BLOCKS = YES;
				GCC_WARN_64_TO_32_BIT_CONVERSION = YES;
				GCC_WARN_ABOUT_RETURN_TYPE = YES_ERROR;
				GCC_WARN_UNDECLARED_SELECTOR = YES;
				GCC_WARN_UNINITIALIZED_AUTOS = YES_AGGRESSIVE;
				GCC_WARN_UNUSED_FUNCTION = YES;
				GCC_WARN_UNUSED_VARIABLE = YES;
				IPHONEOS_DEPLOYMENT_TARGET = 15.5;
				MTL_ENABLE_DEBUG_INFO = NO;
				MTL_FAST_MATH = YES;
				SDKROOT = iphoneos;
				SWIFT_COMPILATION_MODE = wholemodule;
				SWIFT_OPTIMIZATION_LEVEL = "-O";
				VALIDATE_PRODUCT = YES;
			};
			name = Release;
		};
		D58ED2BF286367650034DB78 /* Debug */ = {
			isa = XCBuildConfiguration;
			buildSettings = {
				ASSETCATALOG_COMPILER_APPICON_NAME = AppIcon;
				ASSETCATALOG_COMPILER_GLOBAL_ACCENT_COLOR_NAME = AccentColor;
				CODE_SIGN_STYLE = Automatic;
				CURRENT_PROJECT_VERSION = 1;
				DEVELOPMENT_TEAM = 9V764CVCJC;
				GENERATE_INFOPLIST_FILE = YES;
				INFOPLIST_FILE = BookStoryBoard/Info.plist;
				INFOPLIST_KEY_UIApplicationSupportsIndirectInputEvents = YES;
				INFOPLIST_KEY_UILaunchStoryboardName = LaunchScreen;
				INFOPLIST_KEY_UIMainStoryboardFile = Main;
				INFOPLIST_KEY_UISupportedInterfaceOrientations_iPad = "UIInterfaceOrientationPortrait UIInterfaceOrientationPortraitUpsideDown UIInterfaceOrientationLandscapeLeft UIInterfaceOrientationLandscapeRight";
				INFOPLIST_KEY_UISupportedInterfaceOrientations_iPhone = "UIInterfaceOrientationPortrait UIInterfaceOrientationLandscapeLeft UIInterfaceOrientationLandscapeRight";
				LD_RUNPATH_SEARCH_PATHS = (
					"$(inherited)",
					"@executable_path/Frameworks",
				);
				MARKETING_VERSION = 1.0;
				PRODUCT_BUNDLE_IDENTIFIER = com.buicong.BookStoryBoard;
				PRODUCT_NAME = "$(TARGET_NAME)";
				SWIFT_EMIT_LOC_STRINGS = YES;
				SWIFT_VERSION = 5.0;
				TARGETED_DEVICE_FAMILY = "1,2";
			};
			name = Debug;
		};
		D58ED2C0286367650034DB78 /* Release */ = {
			isa = XCBuildConfiguration;
			buildSettings = {
				ASSETCATALOG_COMPILER_APPICON_NAME = AppIcon;
				ASSETCATALOG_COMPILER_GLOBAL_ACCENT_COLOR_NAME = AccentColor;
				CODE_SIGN_STYLE = Automatic;
				CURRENT_PROJECT_VERSION = 1;
				DEVELOPMENT_TEAM = 9V764CVCJC;
				GENERATE_INFOPLIST_FILE = YES;
				INFOPLIST_FILE = BookStoryBoard/Info.plist;
				INFOPLIST_KEY_UIApplicationSupportsIndirectInputEvents = YES;
				INFOPLIST_KEY_UILaunchStoryboardName = LaunchScreen;
				INFOPLIST_KEY_UIMainStoryboardFile = Main;
				INFOPLIST_KEY_UISupportedInterfaceOrientations_iPad = "UIInterfaceOrientationPortrait UIInterfaceOrientationPortraitUpsideDown UIInterfaceOrientationLandscapeLeft UIInterfaceOrientationLandscapeRight";
				INFOPLIST_KEY_UISupportedInterfaceOrientations_iPhone = "UIInterfaceOrientationPortrait UIInterfaceOrientationLandscapeLeft UIInterfaceOrientationLandscapeRight";
				LD_RUNPATH_SEARCH_PATHS = (
					"$(inherited)",
					"@executable_path/Frameworks",
				);
				MARKETING_VERSION = 1.0;
				PRODUCT_BUNDLE_IDENTIFIER = com.buicong.BookStoryBoard;
				PRODUCT_NAME = "$(TARGET_NAME)";
				SWIFT_EMIT_LOC_STRINGS = YES;
				SWIFT_VERSION = 5.0;
				TARGETED_DEVICE_FAMILY = "1,2";
			};
			name = Release;
		};
/* End XCBuildConfiguration section */

/* Begin XCConfigurationList section */
		D58ED2A5286367640034DB78 /* Build configuration list for PBXProject "BookStoryBoard" */ = {
			isa = XCConfigurationList;
			buildConfigurations = (
				D58ED2BC286367650034DB78 /* Debug */,
				D58ED2BD286367650034DB78 /* Release */,
			);
			defaultConfigurationIsVisible = 0;
			defaultConfigurationName = Release;
		};
		D58ED2BE286367650034DB78 /* Build configuration list for PBXNativeTarget "BookStoryBoard" */ = {
			isa = XCConfigurationList;
			buildConfigurations = (
				D58ED2BF286367650034DB78 /* Debug */,
				D58ED2C0286367650034DB78 /* Release */,
			);
			defaultConfigurationIsVisible = 0;
			defaultConfigurationName = Release;
		};
/* End XCConfigurationList section */
	};
	rootObject = D58ED2A2286367640034DB78 /* Project object */;
}
