// !$*UTF8*$!
{
	archiveVersion = 1;
	classes = {
	};
	objectVersion = 55;
	objects = {

/* Begin PBXBuildFile section */
		D5172C362858AF9300AF6416 /* AppDelegate.swift in Sources */ = {isa = PBXBuildFile; fileRef = D5172C352858AF9300AF6416 /* AppDelegate.swift */; };
		D5172C382858AF9300AF6416 /* SceneDelegate.swift in Sources */ = {isa = PBXBuildFile; fileRef = D5172C372858AF9300AF6416 /* SceneDelegate.swift */; };
		D5172C3A2858AF9300AF6416 /* ViewController.swift in Sources */ = {isa = PBXBuildFile; fileRef = D5172C392858AF9300AF6416 /* ViewController.swift */; };
		D5172C3D2858AF9300AF6416 /* Main.storyboard in Resources */ = {isa = PBXBuildFile; fileRef = D5172C3B2858AF9300AF6416 /* Main.storyboard */; };
		D5172C3F2858AF9400AF6416 /* Assets.xcassets in Resources */ = {isa = PBXBuildFile; fileRef = D5172C3E2858AF9400AF6416 /* Assets.xcassets */; };
		D5172C422858AF9400AF6416 /* LaunchScreen.storyboard in Resources */ = {isa = PBXBuildFile; fileRef = D5172C402858AF9400AF6416 /* LaunchScreen.storyboard */; };
		D5172C5E2858BBB400AF6416 /* ViewAdd.swift in Sources */ = {isa = PBXBuildFile; fileRef = D5172C5C2858BBB400AF6416 /* ViewAdd.swift */; };
		D5172C5F2858BBB400AF6416 /* ViewAdd.xib in Resources */ = {isa = PBXBuildFile; fileRef = D5172C5D2858BBB400AF6416 /* ViewAdd.xib */; };
		D5172C612858BD0D00AF6416 /* book.swift in Sources */ = {isa = PBXBuildFile; fileRef = D5172C602858BD0D00AF6416 /* book.swift */; };
		D5172C642858C6BD00AF6416 /* viewSach.swift in Sources */ = {isa = PBXBuildFile; fileRef = D5172C622858C6BD00AF6416 /* viewSach.swift */; };
		D5172C652858C6BD00AF6416 /* viewSach.xib in Resources */ = {isa = PBXBuildFile; fileRef = D5172C632858C6BD00AF6416 /* viewSach.xib */; };
/* End PBXBuildFile section */

/* Begin PBXFileReference section */
		D5172C322858AF9300AF6416 /* ktra.app */ = {isa = PBXFileReference; explicitFileType = wrapper.application; includeInIndex = 0; path = ktra.app; sourceTree = BUILT_PRODUCTS_DIR; };
		D5172C352858AF9300AF6416 /* AppDelegate.swift */ = {isa = PBXFileReference; lastKnownFileType = sourcecode.swift; path = AppDelegate.swift; sourceTree = "<group>"; };
		D5172C372858AF9300AF6416 /* SceneDelegate.swift */ = {isa = PBXFileReference; lastKnownFileType = sourcecode.swift; path = SceneDelegate.swift; sourceTree = "<group>"; };
		D5172C392858AF9300AF6416 /* ViewController.swift */ = {isa = PBXFileReference; lastKnownFileType = sourcecode.swift; path = ViewController.swift; sourceTree = "<group>"; };
		D5172C3C2858AF9300AF6416 /* Base */ = {isa = PBXFileReference; lastKnownFileType = file.storyboard; name = Base; path = Base.lproj/Main.storyboard; sourceTree = "<group>"; };
		D5172C3E2858AF9400AF6416 /* Assets.xcassets */ = {isa = PBXFileReference; lastKnownFileType = folder.assetcatalog; path = Assets.xcassets; sourceTree = "<group>"; };
		D5172C412858AF9400AF6416 /* Base */ = {isa = PBXFileReference; lastKnownFileType = file.storyboard; name = Base; path = Base.lproj/LaunchScreen.storyboard; sourceTree = "<group>"; };
		D5172C432858AF9400AF6416 /* Info.plist */ = {isa = PBXFileReference; lastKnownFileType = text.plist.xml; path = Info.plist; sourceTree = "<group>"; };
		D5172C5C2858BBB400AF6416 /* ViewAdd.swift */ = {isa = PBXFileReference; lastKnownFileType = sourcecode.swift; path = ViewAdd.swift; sourceTree = "<group>"; };
		D5172C5D2858BBB400AF6416 /* ViewAdd.xib */ = {isa = PBXFileReference; lastKnownFileType = file.xib; path = ViewAdd.xib; sourceTree = "<group>"; };
		D5172C602858BD0D00AF6416 /* book.swift */ = {isa = PBXFileReference; lastKnownFileType = sourcecode.swift; path = book.swift; sourceTree = "<group>"; };
		D5172C622858C6BD00AF6416 /* viewSach.swift */ = {isa = PBXFileReference; lastKnownFileType = sourcecode.swift; path = viewSach.swift; sourceTree = "<group>"; };
		D5172C632858C6BD00AF6416 /* viewSach.xib */ = {isa = PBXFileReference; lastKnownFileType = file.xib; path = viewSach.xib; sourceTree = "<group>"; };
/* End PBXFileReference section */

/* Begin PBXFrameworksBuildPhase section */
		D5172C2F2858AF9300AF6416 /* Frameworks */ = {
			isa = PBXFrameworksBuildPhase;
			buildActionMask = 2147483647;
			files = (
			);
			runOnlyForDeploymentPostprocessing = 0;
		};
/* End PBXFrameworksBuildPhase section */

/* Begin PBXGroup section */
		D5172C292858AF9300AF6416 = {
			isa = PBXGroup;
			children = (
				D5172C342858AF9300AF6416 /* ktra */,
				D5172C332858AF9300AF6416 /* Products */,
			);
			sourceTree = "<group>";
		};
		D5172C332858AF9300AF6416 /* Products */ = {
			isa = PBXGroup;
			children = (
				D5172C322858AF9300AF6416 /* ktra.app */,
			);
			name = Products;
			sourceTree = "<group>";
		};
		D5172C342858AF9300AF6416 /* ktra */ = {
			isa = PBXGroup;
			children = (
				D5172C352858AF9300AF6416 /* AppDelegate.swift */,
				D5172C372858AF9300AF6416 /* SceneDelegate.swift */,
				D5172C392858AF9300AF6416 /* ViewController.swift */,
				D5172C3B2858AF9300AF6416 /* Main.storyboard */,
				D5172C3E2858AF9400AF6416 /* Assets.xcassets */,
				D5172C402858AF9400AF6416 /* LaunchScreen.storyboard */,
				D5172C432858AF9400AF6416 /* Info.plist */,
				D5172C5C2858BBB400AF6416 /* ViewAdd.swift */,
				D5172C5D2858BBB400AF6416 /* ViewAdd.xib */,
				D5172C602858BD0D00AF6416 /* book.swift */,
				D5172C622858C6BD00AF6416 /* viewSach.swift */,
				D5172C632858C6BD00AF6416 /* viewSach.xib */,
			);
			path = ktra;
			sourceTree = "<group>";
		};
/* End PBXGroup section */

/* Begin PBXNativeTarget section */
		D5172C312858AF9300AF6416 /* ktra */ = {
			isa = PBXNativeTarget;
			buildConfigurationList = D5172C462858AF9400AF6416 /* Build configuration list for PBXNativeTarget "ktra" */;
			buildPhases = (
				D5172C2E2858AF9300AF6416 /* Sources */,
				D5172C2F2858AF9300AF6416 /* Frameworks */,
				D5172C302858AF9300AF6416 /* Resources */,
			);
			buildRules = (
			);
			dependencies = (
			);
			name = ktra;
			productName = ktra;
			productReference = D5172C322858AF9300AF6416 /* ktra.app */;
			productType = "com.apple.product-type.application";
		};
/* End PBXNativeTarget section */

/* Begin PBXProject section */
		D5172C2A2858AF9300AF6416 /* Project object */ = {
			isa = PBXProject;
			attributes = {
				BuildIndependentTargetsInParallel = 1;
				LastSwiftUpdateCheck = 1340;
				LastUpgradeCheck = 1340;
				TargetAttributes = {
					D5172C312858AF9300AF6416 = {
						CreatedOnToolsVersion = 13.4;
					};
				};
			};
			buildConfigurationList = D5172C2D2858AF9300AF6416 /* Build configuration list for PBXProject "ktra" */;
			compatibilityVersion = "Xcode 13.0";
			developmentRegion = en;
			hasScannedForEncodings = 0;
			knownRegions = (
				en,
				Base,
			);
			mainGroup = D5172C292858AF9300AF6416;
			productRefGroup = D5172C332858AF9300AF6416 /* Products */;
			projectDirPath = "";
			projectRoot = "";
			targets = (
				D5172C312858AF9300AF6416 /* ktra */,
			);
		};
/* End PBXProject section */

/* Begin PBXResourcesBuildPhase section */
		D5172C302858AF9300AF6416 /* Resources */ = {
			isa = PBXResourcesBuildPhase;
			buildActionMask = 2147483647;
			files = (
				D5172C652858C6BD00AF6416 /* viewSach.xib in Resources */,
				D5172C5F2858BBB400AF6416 /* ViewAdd.xib in Resources */,
				D5172C422858AF9400AF6416 /* LaunchScreen.storyboard in Resources */,
				D5172C3F2858AF9400AF6416 /* Assets.xcassets in Resources */,
				D5172C3D2858AF9300AF6416 /* Main.storyboard in Resources */,
			);
			runOnlyForDeploymentPostprocessing = 0;
		};
/* End PBXResourcesBuildPhase section */

/* Begin PBXSourcesBuildPhase section */
		D5172C2E2858AF9300AF6416 /* Sources */ = {
			isa = PBXSourcesBuildPhase;
			buildActionMask = 2147483647;
			files = (
				D5172C612858BD0D00AF6416 /* book.swift in Sources */,
				D5172C642858C6BD00AF6416 /* viewSach.swift in Sources */,
				D5172C5E2858BBB400AF6416 /* ViewAdd.swift in Sources */,
				D5172C3A2858AF9300AF6416 /* ViewController.swift in Sources */,
				D5172C362858AF9300AF6416 /* AppDelegate.swift in Sources */,
				D5172C382858AF9300AF6416 /* SceneDelegate.swift in Sources */,
			);
			runOnlyForDeploymentPostprocessing = 0;
		};
/* End PBXSourcesBuildPhase section */

/* Begin PBXVariantGroup section */
		D5172C3B2858AF9300AF6416 /* Main.storyboard */ = {
			isa = PBXVariantGroup;
			children = (
				D5172C3C2858AF9300AF6416 /* Base */,
			);
			name = Main.storyboard;
			sourceTree = "<group>";
		};
		D5172C402858AF9400AF6416 /* LaunchScreen.storyboard */ = {
			isa = PBXVariantGroup;
			children = (
				D5172C412858AF9400AF6416 /* Base */,
			);
			name = LaunchScreen.storyboard;
			sourceTree = "<group>";
		};
/* End PBXVariantGroup section */

/* Begin XCBuildConfiguration section */
		D5172C442858AF9400AF6416 /* Debug */ = {
			isa = XCBuildConfiguration;
			buildSettings = {
				ALWAYS_SEARCH_USER_PATHS = NO;
				CLANG_ANALYZER_NONNULL = YES;
				CLANG_ANALYZER_NUMBER_OBJECT_CONVERSION = YES_AGGRESSIVE;
				CLANG_CXX_LANGUAGE_STANDARD = "gnu++17";
				CLANG_ENABLE_MODULES = YES;
				CLANG_ENABLE_OBJC_ARC = YES;
				CLANG_ENABLE_OBJC_WEAK = YES;
				CLANG_WARN_BLOCK_CAPTURE_AUTORELEASING = YES;
				CLANG_WARN_BOOL_CONVERSION = YES;
				CLANG_WARN_COMMA = YES;
				CLANG_WARN_CONSTANT_CONVERSION = YES;
				CLANG_WARN_DEPRECATED_OBJC_IMPLEMENTATIONS = YES;
				CLANG_WARN_DIRECT_OBJC_ISA_USAGE = YES_ERROR;
				CLANG_WARN_DOCUMENTATION_COMMENTS = YES;
				CLANG_WARN_EMPTY_BODY = YES;
				CLANG_WARN_ENUM_CONVERSION = YES;
				CLANG_WARN_INFINITE_RECURSION = YES;
				CLANG_WARN_INT_CONVERSION = YES;
				CLANG_WARN_NON_LITERAL_NULL_CONVERSION = YES;
				CLANG_WARN_OBJC_IMPLICIT_RETAIN_SELF = YES;
				CLANG_WARN_OBJC_LITERAL_CONVERSION = YES;
				CLANG_WARN_OBJC_ROOT_CLASS = YES_ERROR;
				CLANG_WARN_QUOTED_INCLUDE_IN_FRAMEWORK_HEADER = YES;
				CLANG_WARN_RANGE_LOOP_ANALYSIS = YES;
				CLANG_WARN_STRICT_PROTOTYPES = YES;
				CLANG_WARN_SUSPICIOUS_MOVE = YES;
				CLANG_WARN_UNGUARDED_AVAILABILITY = YES_AGGRESSIVE;
				CLANG_WARN_UNREACHABLE_CODE = YES;
				CLANG_WARN__DUPLICATE_METHOD_MATCH = YES;
				COPY_PHASE_STRIP = NO;
				DEBUG_INFORMATION_FORMAT = dwarf;
				ENABLE_STRICT_OBJC_MSGSEND = YES;
				ENABLE_TESTABILITY = YES;
				GCC_C_LANGUAGE_STANDARD = gnu11;
				GCC_DYNAMIC_NO_PIC = NO;
				GCC_NO_COMMON_BLOCKS = YES;
				GCC_OPTIMIZATION_LEVEL = 0;
				GCC_PREPROCESSOR_DEFINITIONS = (
					"DEBUG=1",
					"$(inherited)",
				);
				GCC_WARN_64_TO_32_BIT_CONVERSION = YES;
				GCC_WARN_ABOUT_RETURN_TYPE = YES_ERROR;
				GCC_WARN_UNDECLARED_SELECTOR = YES;
				GCC_WARN_UNINITIALIZED_AUTOS = YES_AGGRESSIVE;
				GCC_WARN_UNUSED_FUNCTION = YES;
				GCC_WARN_UNUSED_VARIABLE = YES;
				IPHONEOS_DEPLOYMENT_TARGET = 15.5;
				MTL_ENABLE_DEBUG_INFO = INCLUDE_SOURCE;
				MTL_FAST_MATH = YES;
				ONLY_ACTIVE_ARCH = YES;
				SDKROOT = iphoneos;
				SWIFT_ACTIVE_COMPILATION_CONDITIONS = DEBUG;
				SWIFT_OPTIMIZATION_LEVEL = "-Onone";
			};
			name = Debug;
		};
		D5172C452858AF9400AF6416 /* Release */ = {
			isa = XCBuildConfiguration;
			buildSettings = {
				ALWAYS_SEARCH_USER_PATHS = NO;
				CLANG_ANALYZER_NONNULL = YES;
				CLANG_ANALYZER_NUMBER_OBJECT_CONVERSION = YES_AGGRESSIVE;
				CLANG_CXX_LANGUAGE_STANDARD = "gnu++17";
				CLANG_ENABLE_MODULES = YES;
				CLANG_ENABLE_OBJC_ARC = YES;
				CLANG_ENABLE_OBJC_WEAK = YES;
				CLANG_WARN_BLOCK_CAPTURE_AUTORELEASING = YES;
				CLANG_WARN_BOOL_CONVERSION = YES;
				CLANG_WARN_COMMA = YES;
				CLANG_WARN_CONSTANT_CONVERSION = YES;
				CLANG_WARN_DEPRECATED_OBJC_IMPLEMENTATIONS = YES;
				CLANG_WARN_DIRECT_OBJC_ISA_USAGE = YES_ERROR;
				CLANG_WARN_DOCUMENTATION_COMMENTS = YES;
				CLANG_WARN_EMPTY_BODY = YES;
				CLANG_WARN_ENUM_CONVERSION = YES;
				CLANG_WARN_INFINITE_RECURSION = YES;
				CLANG_WARN_INT_CONVERSION = YES;
				CLANG_WARN_NON_LITERAL_NULL_CONVERSION = YES;
				CLANG_WARN_OBJC_IMPLICIT_RETAIN_SELF = YES;
				CLANG_WARN_OBJC_LITERAL_CONVERSION = YES;
				CLANG_WARN_OBJC_ROOT_CLASS = YES_ERROR;
				CLANG_WARN_QUOTED_INCLUDE_IN_FRAMEWORK_HEADER = YES;
				CLANG_WARN_RANGE_LOOP_ANALYSIS = YES;
				CLANG_WARN_STRICT_PROTOTYPES = YES;
				CLANG_WARN_SUSPICIOUS_MOVE = YES;
				CLANG_WARN_UNGUARDED_AVAILABILITY = YES_AGGRESSIVE;
				CLANG_WARN_UNREACHABLE_CODE = YES;
				CLANG_WARN__DUPLICATE_METHOD_MATCH = YES;
				COPY_PHASE_STRIP = NO;
				DEBUG_INFORMATION_FORMAT = "dwarf-with-dsym";
				ENABLE_NS_ASSERTIONS = NO;
				ENABLE_STRICT_OBJC_MSGSEND = YES;
				GCC_C_LANGUAGE_STANDARD = gnu11;
				GCC_NO_COMMON_BLOCKS = YES;
				GCC_WARN_64_TO_32_BIT_CONVERSION = YES;
				GCC_WARN_ABOUT_RETURN_TYPE = YES_ERROR;
				GCC_WARN_UNDECLARED_SELECTOR = YES;
				GCC_WARN_UNINITIALIZED_AUTOS = YES_AGGRESSIVE;
				GCC_WARN_UNUSED_FUNCTION = YES;
				GCC_WARN_UNUSED_VARIABLE = YES;
				IPHONEOS_DEPLOYMENT_TARGET = 15.5;
				MTL_ENABLE_DEBUG_INFO = NO;
				MTL_FAST_MATH = YES;
				SDKROOT = iphoneos;
				SWIFT_COMPILATION_MODE = wholemodule;
				SWIFT_OPTIMIZATION_LEVEL = "-O";
				VALIDATE_PRODUCT = YES;
			};
			name = Release;
		};
		D5172C472858AF9400AF6416 /* Debug */ = {
			isa = XCBuildConfiguration;
			buildSettings = {
				ASSETCATALOG_COMPILER_APPICON_NAME = AppIcon;
				ASSETCATALOG_COMPILER_GLOBAL_ACCENT_COLOR_NAME = AccentColor;
				CODE_SIGN_STYLE = Automatic;
				CURRENT_PROJECT_VERSION = 1;
				DEVELOPMENT_TEAM = 9V764CVCJC;
				GENERATE_INFOPLIST_FILE = YES;
				INFOPLIST_FILE = ktra/Info.plist;
				INFOPLIST_KEY_UIApplicationSupportsIndirectInputEvents = YES;
				INFOPLIST_KEY_UILaunchStoryboardName = LaunchScreen;
				INFOPLIST_KEY_UIMainStoryboardFile = Main;
				INFOPLIST_KEY_UISupportedInterfaceOrientations_iPad = "UIInterfaceOrientationPortrait UIInterfaceOrientationPortraitUpsideDown UIInterfaceOrientationLandscapeLeft UIInterfaceOrientationLandscapeRight";
				INFOPLIST_KEY_UISupportedInterfaceOrientations_iPhone = "UIInterfaceOrientationPortrait UIInterfaceOrientationLandscapeLeft UIInterfaceOrientationLandscapeRight";
				LD_RUNPATH_SEARCH_PATHS = (
					"$(inherited)",
					"@executable_path/Frameworks",
				);
				MARKETING_VERSION = 1.0;
				PRODUCT_BUNDLE_IDENTIFIER = com.buicong.ktra;
				PRODUCT_NAME = "$(TARGET_NAME)";
				SWIFT_EMIT_LOC_STRINGS = YES;
				SWIFT_VERSION = 5.0;
				TARGETED_DEVICE_FAMILY = "1,2";
			};
			name = Debug;
		};
		D5172C482858AF9400AF6416 /* Release */ = {
			isa = XCBuildConfiguration;
			buildSettings = {
				ASSETCATALOG_COMPILER_APPICON_NAME = AppIcon;
				ASSETCATALOG_COMPILER_GLOBAL_ACCENT_COLOR_NAME = AccentColor;
				CODE_SIGN_STYLE = Automatic;
				CURRENT_PROJECT_VERSION = 1;
				DEVELOPMENT_TEAM = 9V764CVCJC;
				GENERATE_INFOPLIST_FILE = YES;
				INFOPLIST_FILE = ktra/Info.plist;
				INFOPLIST_KEY_UIApplicationSupportsIndirectInputEvents = YES;
				INFOPLIST_KEY_UILaunchStoryboardName = LaunchScreen;
				INFOPLIST_KEY_UIMainStoryboardFile = Main;
				INFOPLIST_KEY_UISupportedInterfaceOrientations_iPad = "UIInterfaceOrientationPortrait UIInterfaceOrientationPortraitUpsideDown UIInterfaceOrientationLandscapeLeft UIInterfaceOrientationLandscapeRight";
				INFOPLIST_KEY_UISupportedInterfaceOrientations_iPhone = "UIInterfaceOrientationPortrait UIInterfaceOrientationLandscapeLeft UIInterfaceOrientationLandscapeRight";
				LD_RUNPATH_SEARCH_PATHS = (
					"$(inherited)",
					"@executable_path/Frameworks",
				);
				MARKETING_VERSION = 1.0;
				PRODUCT_BUNDLE_IDENTIFIER = com.buicong.ktra;
				PRODUCT_NAME = "$(TARGET_NAME)";
				SWIFT_EMIT_LOC_STRINGS = YES;
				SWIFT_VERSION = 5.0;
				TARGETED_DEVICE_FAMILY = "1,2";
			};
			name = Release;
		};
/* End XCBuildConfiguration section */

/* Begin XCConfigurationList section */
		D5172C2D2858AF9300AF6416 /* Build configuration list for PBXProject "ktra" */ = {
			isa = XCConfigurationList;
			buildConfigurations = (
				D5172C442858AF9400AF6416 /* Debug */,
				D5172C452858AF9400AF6416 /* Release */,
			);
			defaultConfigurationIsVisible = 0;
			defaultConfigurationName = Release;
		};
		D5172C462858AF9400AF6416 /* Build configuration list for PBXNativeTarget "ktra" */ = {
			isa = XCConfigurationList;
			buildConfigurations = (
				D5172C472858AF9400AF6416 /* Debug */,
				D5172C482858AF9400AF6416 /* Release */,
			);
			defaultConfigurationIsVisible = 0;
			defaultConfigurationName = Release;
		};
/* End XCConfigurationList section */
	};
	rootObject = D5172C2A2858AF9300AF6416 /* Project object */;
}
